
Microsoft Visual Studio Solution File, Format Version 11.00
# Visual Studio 2010
# SharpDevelop 5.1
Project("{FAE04EC0-301F-11D3-BF4B-00C04F79EFBC}") = "Programa principal", "Programa principal.csproj", "{2E9DC595-F56A-47F8-B65B-6B0D9D01EB41}"
EndProject
Global
	GlobalSection(SolutionConfigurationPlatforms) = preSolution
		Debug|Any CPU = Debug|Any CPU
		Release|Any CPU = Release|Any CPU
	EndGlobalSection
	GlobalSection(ProjectConfigurationPlatforms) = postSolution
		{2E9DC595-F56A-47F8-B65B-6B0D9D01EB41}.Debug|Any CPU.ActiveCfg = Debug|Any CPU
		{2E9DC595-F56A-47F8-B65B-6B0D9D01EB41}.Debug|Any CPU.Build.0 = Debug|Any CPU
		{2E9DC595-F56A-47F8-B65B-6B0D9D01EB41}.Release|Any CPU.ActiveCfg = Release|Any CPU
		{2E9DC595-F56A-47F8-B65B-6B0D9D01EB41}.Release|Any CPU.Build.0 = Release|Any CPU
	EndGlobalSection
EndGlobal
